
Microsoft Visual Studio Solution File, Format Version 12.00
# Visual Studio Version 17
VisualStudioVersion = 17.9.34728.123
MinimumVisualStudioVersion = 10.0.40219.1
Project("{2150E333-8FDC-42A3-9474-1A3956D46DE8}") = "src", "src", "{6CF9B9A2-7B05-4DC1-A336-8801C7169CBC}"
EndProject
Project("{2150E333-8FDC-42A3-9474-1A3956D46DE8}") = "Core", "Core", "{A48B294B-8FAF-4AB4-AC3B-8EB282396F70}"
EndProject
Project("{9A19103F-16F7-4668-BE54-9A1E7A4F7556}") = "Domain", "Domain\Domain.csproj", "{4CC7B27E-CD59-4A6A-B948-D7570FD37F16}"
EndProject
Project("{9A19103F-16F7-4668-BE54-9A1E7A4F7556}") = "Infrastructure", "Infrastructure\Infrastructure.csproj", "{E2BA2175-F593-4C4E-AA32-C7CA1477635F}"
EndProject
Project("{9A19103F-16F7-4668-BE54-9A1E7A4F7556}") = "Application", "Application\Application.csproj", "{229C2169-1737-47C0-B05B-03CF8F134885}"
EndProject
Project("{9A19103F-16F7-4668-BE54-9A1E7A4F7556}") = "Common", "Common\Common.csproj", "{4D8F9B41-01B4-491F-B004-3C05BE1ABCA7}"
EndProject
Project("{9A19103F-16F7-4668-BE54-9A1E7A4F7556}") = "WebApi", "WebApi\WebApi.csproj", "{37B82AB4-30C5-4631-91FD-72D74B211435}"
EndProject
Project("{2150E333-8FDC-42A3-9474-1A3956D46DE8}") = "UI", "UI", "{C98A644D-7DCA-4CB8-8CA6-11EA7029CB6B}"
EndProject
Project("{9A19103F-16F7-4668-BE54-9A1E7A4F7556}") = "BankUI", "BankUI\BankUI.csproj", "{0EC2AD9E-2074-41AC-B9B3-0B99F1F00438}"
EndProject
Global
	GlobalSection(SolutionConfigurationPlatforms) = preSolution
		Debug|Any CPU = Debug|Any CPU
		Release|Any CPU = Release|Any CPU
	EndGlobalSection
	GlobalSection(ProjectConfigurationPlatforms) = postSolution
		{4CC7B27E-CD59-4A6A-B948-D7570FD37F16}.Debug|Any CPU.ActiveCfg = Debug|Any CPU
		{4CC7B27E-CD59-4A6A-B948-D7570FD37F16}.Debug|Any CPU.Build.0 = Debug|Any CPU
		{4CC7B27E-CD59-4A6A-B948-D7570FD37F16}.Release|Any CPU.ActiveCfg = Release|Any CPU
		{4CC7B27E-CD59-4A6A-B948-D7570FD37F16}.Release|Any CPU.Build.0 = Release|Any CPU
		{E2BA2175-F593-4C4E-AA32-C7CA1477635F}.Debug|Any CPU.ActiveCfg = Debug|Any CPU
		{E2BA2175-F593-4C4E-AA32-C7CA1477635F}.Debug|Any CPU.Build.0 = Debug|Any CPU
		{E2BA2175-F593-4C4E-AA32-C7CA1477635F}.Release|Any CPU.ActiveCfg = Release|Any CPU
		{E2BA2175-F593-4C4E-AA32-C7CA1477635F}.Release|Any CPU.Build.0 = Release|Any CPU
		{229C2169-1737-47C0-B05B-03CF8F134885}.Debug|Any CPU.ActiveCfg = Debug|Any CPU
		{229C2169-1737-47C0-B05B-03CF8F134885}.Debug|Any CPU.Build.0 = Debug|Any CPU
		{229C2169-1737-47C0-B05B-03CF8F134885}.Release|Any CPU.ActiveCfg = Release|Any CPU
		{229C2169-1737-47C0-B05B-03CF8F134885}.Release|Any CPU.Build.0 = Release|Any CPU
		{4D8F9B41-01B4-491F-B004-3C05BE1ABCA7}.Debug|Any CPU.ActiveCfg = Debug|Any CPU
		{4D8F9B41-01B4-491F-B004-3C05BE1ABCA7}.Debug|Any CPU.Build.0 = Debug|Any CPU
		{4D8F9B41-01B4-491F-B004-3C05BE1ABCA7}.Release|Any CPU.ActiveCfg = Release|Any CPU
		{4D8F9B41-01B4-491F-B004-3C05BE1ABCA7}.Release|Any CPU.Build.0 = Release|Any CPU
		{37B82AB4-30C5-4631-91FD-72D74B211435}.Debug|Any CPU.ActiveCfg = Debug|Any CPU
		{37B82AB4-30C5-4631-91FD-72D74B211435}.Debug|Any CPU.Build.0 = Debug|Any CPU
		{37B82AB4-30C5-4631-91FD-72D74B211435}.Release|Any CPU.ActiveCfg = Release|Any CPU
		{37B82AB4-30C5-4631-91FD-72D74B211435}.Release|Any CPU.Build.0 = Release|Any CPU
		{0EC2AD9E-2074-41AC-B9B3-0B99F1F00438}.Debug|Any CPU.ActiveCfg = Debug|Any CPU
		{0EC2AD9E-2074-41AC-B9B3-0B99F1F00438}.Debug|Any CPU.Build.0 = Debug|Any CPU
		{0EC2AD9E-2074-41AC-B9B3-0B99F1F00438}.Release|Any CPU.ActiveCfg = Release|Any CPU
		{0EC2AD9E-2074-41AC-B9B3-0B99F1F00438}.Release|Any CPU.Build.0 = Release|Any CPU
	EndGlobalSection
	GlobalSection(SolutionProperties) = preSolution
		HideSolutionNode = FALSE
	EndGlobalSection
	GlobalSection(NestedProjects) = preSolution
		{A48B294B-8FAF-4AB4-AC3B-8EB282396F70} = {6CF9B9A2-7B05-4DC1-A336-8801C7169CBC}
		{4CC7B27E-CD59-4A6A-B948-D7570FD37F16} = {A48B294B-8FAF-4AB4-AC3B-8EB282396F70}
		{E2BA2175-F593-4C4E-AA32-C7CA1477635F} = {6CF9B9A2-7B05-4DC1-A336-8801C7169CBC}
		{229C2169-1737-47C0-B05B-03CF8F134885} = {A48B294B-8FAF-4AB4-AC3B-8EB282396F70}
		{4D8F9B41-01B4-491F-B004-3C05BE1ABCA7} = {6CF9B9A2-7B05-4DC1-A336-8801C7169CBC}
		{37B82AB4-30C5-4631-91FD-72D74B211435} = {6CF9B9A2-7B05-4DC1-A336-8801C7169CBC}
		{C98A644D-7DCA-4CB8-8CA6-11EA7029CB6B} = {6CF9B9A2-7B05-4DC1-A336-8801C7169CBC}
		{0EC2AD9E-2074-41AC-B9B3-0B99F1F00438} = {C98A644D-7DCA-4CB8-8CA6-11EA7029CB6B}
	EndGlobalSection
	GlobalSection(ExtensibilityGlobals) = postSolution
		SolutionGuid = {2F17BC93-23C3-4387-82C6-CE563AEF5E05}
	EndGlobalSection
EndGlobal
